
Microsoft Visual Studio Solution File, Format Version 12.00
# Visual Studio Version 16
VisualStudioVersion = 16.0.31005.135
MinimumVisualStudioVersion = 10.0.40219.1
Project("{FAE04EC0-301F-11D3-BF4B-00C04F79EFBC}") = "WebApplication13", "WebApplication13\WebApplication13.csproj", "{E37570D2-21A0-4468-8045-2DC34524F772}"
EndProject
Global
	GlobalSection(SolutionConfigurationPlatforms) = preSolution
		Debug|Any CPU = Debug|Any CPU
		Release|Any CPU = Release|Any CPU
	EndGlobalSection
	GlobalSection(ProjectConfigurationPlatforms) = postSolution
		{E37570D2-21A0-4468-8045-2DC34524F772}.Debug|Any CPU.ActiveCfg = Debug|Any CPU
		{E37570D2-21A0-4468-8045-2DC34524F772}.Debug|Any CPU.Build.0 = Debug|Any CPU
		{E37570D2-21A0-4468-8045-2DC34524F772}.Release|Any CPU.ActiveCfg = Release|Any CPU
		{E37570D2-21A0-4468-8045-2DC34524F772}.Release|Any CPU.Build.0 = Release|Any CPU
	EndGlobalSection
	GlobalSection(SolutionProperties) = preSolution
		HideSolutionNode = FALSE
	EndGlobalSection
	GlobalSection(ExtensibilityGlobals) = postSolution
		SolutionGuid = {B2E75357-392C-45CE-AEC0-5B3CC7457577}
	EndGlobalSection
EndGlobal
